// !$*UTF8*$!
{
	archiveVersion = 1;
	classes = {
	};
	objectVersion = 50;
	objects = {

/* Begin PBXBuildFile section */
		161E0AEB2735A5F400A50EA8 /* AppDelegate.swift in Sources */ = {isa = PBXBuildFile; fileRef = 161E0AEA2735A5F400A50EA8 /* AppDelegate.swift */; };
		161E0AEF2735A5F400A50EA8 /* ViewController.swift in Sources */ = {isa = PBXBuildFile; fileRef = 161E0AEE2735A5F400A50EA8 /* ViewController.swift */; };
		161E0AF22735A5F400A50EA8 /* Main.storyboard in Resources */ = {isa = PBXBuildFile; fileRef = 161E0AF02735A5F400A50EA8 /* Main.storyboard */; };
		161E0AF42735A5F700A50EA8 /* Assets.xcassets in Resources */ = {isa = PBXBuildFile; fileRef = 161E0AF32735A5F700A50EA8 /* Assets.xcassets */; };
		161E0AF72735A5F700A50EA8 /* LaunchScreen.storyboard in Resources */ = {isa = PBXBuildFile; fileRef = 161E0AF52735A5F700A50EA8 /* LaunchScreen.storyboard */; };
		161E0B022735AAA500A50EA8 /* Data.swift in Sources */ = {isa = PBXBuildFile; fileRef = 161E0B012735AAA500A50EA8 /* Data.swift */; };
		161E0B042735AF1E00A50EA8 /* TableViewCell.swift in Sources */ = {isa = PBXBuildFile; fileRef = 161E0B032735AF1E00A50EA8 /* TableViewCell.swift */; };
/* End PBXBuildFile section */

/* Begin PBXFileReference section */
		161E0AE72735A5F400A50EA8 /* IOS3-MVVM.app */ = {isa = PBXFileReference; explicitFileType = wrapper.application; includeInIndex = 0; path = "IOS3-MVVM.app"; sourceTree = BUILT_PRODUCTS_DIR; };
		161E0AEA2735A5F400A50EA8 /* AppDelegate.swift */ = {isa = PBXFileReference; lastKnownFileType = sourcecode.swift; path = AppDelegate.swift; sourceTree = "<group>"; };
		161E0AEE2735A5F400A50EA8 /* ViewController.swift */ = {isa = PBXFileReference; lastKnownFileType = sourcecode.swift; path = ViewController.swift; sourceTree = "<group>"; };
		161E0AF12735A5F400A50EA8 /* Base */ = {isa = PBXFileReference; lastKnownFileType = file.storyboard; name = Base; path = Base.lproj/Main.storyboard; sourceTree = "<group>"; };
		161E0AF32735A5F700A50EA8 /* Assets.xcassets */ = {isa = PBXFileReference; lastKnownFileType = folder.assetcatalog; path = Assets.xcassets; sourceTree = "<group>"; };
		161E0AF62735A5F700A50EA8 /* Base */ = {isa = PBXFileReference; lastKnownFileType = file.storyboard; name = Base; path = Base.lproj/LaunchScreen.storyboard; sourceTree = "<group>"; };
		161E0AF82735A5F700A50EA8 /* Info.plist */ = {isa = PBXFileReference; lastKnownFileType = text.plist.xml; path = Info.plist; sourceTree = "<group>"; };
		161E0B012735AAA500A50EA8 /* Data.swift */ = {isa = PBXFileReference; lastKnownFileType = sourcecode.swift; path = Data.swift; sourceTree = "<group>"; };
		161E0B032735AF1E00A50EA8 /* TableViewCell.swift */ = {isa = PBXFileReference; lastKnownFileType = sourcecode.swift; path = TableViewCell.swift; sourceTree = "<group>"; };
/* End PBXFileReference section */

/* Begin PBXFrameworksBuildPhase section */
		161E0AE42735A5F400A50EA8 /* Frameworks */ = {
			isa = PBXFrameworksBuildPhase;
			buildActionMask = 2147483647;
			files = (
			);
			runOnlyForDeploymentPostprocessing = 0;
		};
/* End PBXFrameworksBuildPhase section */

/* Begin PBXGroup section */
		161E0ADE2735A5F300A50EA8 = {
			isa = PBXGroup;
			children = (
				161E0AE92735A5F400A50EA8 /* IOS3-MVVM */,
				161E0AE82735A5F400A50EA8 /* Products */,
			);
			sourceTree = "<group>";
		};
		161E0AE82735A5F400A50EA8 /* Products */ = {
			isa = PBXGroup;
			children = (
				161E0AE72735A5F400A50EA8 /* IOS3-MVVM.app */,
			);
			name = Products;
			sourceTree = "<group>";
		};
		161E0AE92735A5F400A50EA8 /* IOS3-MVVM */ = {
			isa = PBXGroup;
			children = (
				161E0AEE2735A5F400A50EA8 /* ViewController.swift */,
				161E0B002735A90600A50EA8 /* ViewModel */,
				161E0AFF2735A8FE00A50EA8 /* View */,
				161E0AFE2735A8E900A50EA8 /* Model */,
				161E0AEA2735A5F400A50EA8 /* AppDelegate.swift */,
				161E0AF02735A5F400A50EA8 /* Main.storyboard */,
				161E0AF32735A5F700A50EA8 /* Assets.xcassets */,
				161E0AF52735A5F700A50EA8 /* LaunchScreen.storyboard */,
				161E0AF82735A5F700A50EA8 /* Info.plist */,
			);
			path = "IOS3-MVVM";
			sourceTree = "<group>";
		};
		161E0AFE2735A8E900A50EA8 /* Model */ = {
			isa = PBXGroup;
			children = (
				161E0B012735AAA500A50EA8 /* Data.swift */,
			);
			name = Model;
			sourceTree = "<group>";
		};
		161E0AFF2735A8FE00A50EA8 /* View */ = {
			isa = PBXGroup;
			children = (
				161E0B032735AF1E00A50EA8 /* TableViewCell.swift */,
			);
			name = View;
			sourceTree = "<group>";
		};
		161E0B002735A90600A50EA8 /* ViewModel */ = {
			isa = PBXGroup;
			children = (
			);
			name = ViewModel;
			sourceTree = "<group>";
		};
/* End PBXGroup section */

/* Begin PBXNativeTarget section */
		161E0AE62735A5F400A50EA8 /* IOS3-MVVM */ = {
			isa = PBXNativeTarget;
			buildConfigurationList = 161E0AFB2735A5F700A50EA8 /* Build configuration list for PBXNativeTarget "IOS3-MVVM" */;
			buildPhases = (
				161E0AE32735A5F400A50EA8 /* Sources */,
				161E0AE42735A5F400A50EA8 /* Frameworks */,
				161E0AE52735A5F400A50EA8 /* Resources */,
			);
			buildRules = (
			);
			dependencies = (
			);
			name = "IOS3-MVVM";
			productName = "IOS3-MVVM";
			productReference = 161E0AE72735A5F400A50EA8 /* IOS3-MVVM.app */;
			productType = "com.apple.product-type.application";
		};
/* End PBXNativeTarget section */

/* Begin PBXProject section */
		161E0ADF2735A5F300A50EA8 /* Project object */ = {
			isa = PBXProject;
			attributes = {
				LastSwiftUpdateCheck = 1250;
				LastUpgradeCheck = 1250;
				TargetAttributes = {
					161E0AE62735A5F400A50EA8 = {
						CreatedOnToolsVersion = 12.5.1;
					};
				};
			};
			buildConfigurationList = 161E0AE22735A5F300A50EA8 /* Build configuration list for PBXProject "IOS3-MVVM" */;
			compatibilityVersion = "Xcode 9.3";
			developmentRegion = en;
			hasScannedForEncodings = 0;
			knownRegions = (
				en,
				Base,
			);
			mainGroup = 161E0ADE2735A5F300A50EA8;
			productRefGroup = 161E0AE82735A5F400A50EA8 /* Products */;
			projectDirPath = "";
			projectRoot = "";
			targets = (
				161E0AE62735A5F400A50EA8 /* IOS3-MVVM */,
			);
		};
/* End PBXProject section */

/* Begin PBXResourcesBuildPhase section */
		161E0AE52735A5F400A50EA8 /* Resources */ = {
			isa = PBXResourcesBuildPhase;
			buildActionMask = 2147483647;
			files = (
				161E0AF72735A5F700A50EA8 /* LaunchScreen.storyboard in Resources */,
				161E0AF42735A5F700A50EA8 /* Assets.xcassets in Resources */,
				161E0AF22735A5F400A50EA8 /* Main.storyboard in Resources */,
			);
			runOnlyForDeploymentPostprocessing = 0;
		};
/* End PBXResourcesBuildPhase section */

/* Begin PBXSourcesBuildPhase section */
		161E0AE32735A5F400A50EA8 /* Sources */ = {
			isa = PBXSourcesBuildPhase;
			buildActionMask = 2147483647;
			files = (
				161E0AEF2735A5F400A50EA8 /* ViewController.swift in Sources */,
				161E0B042735AF1E00A50EA8 /* TableViewCell.swift in Sources */,
				161E0B022735AAA500A50EA8 /* Data.swift in Sources */,
				161E0AEB2735A5F400A50EA8 /* AppDelegate.swift in Sources */,
			);
			runOnlyForDeploymentPostprocessing = 0;
		};
/* End PBXSourcesBuildPhase section */

/* Begin PBXVariantGroup section */
		161E0AF02735A5F400A50EA8 /* Main.storyboard */ = {
			isa = PBXVariantGroup;
			children = (
				161E0AF12735A5F400A50EA8 /* Base */,
			);
			name = Main.storyboard;
			sourceTree = "<group>";
		};
		161E0AF52735A5F700A50EA8 /* LaunchScreen.storyboard */ = {
			isa = PBXVariantGroup;
			children = (
				161E0AF62735A5F700A50EA8 /* Base */,
			);
			name = LaunchScreen.storyboard;
			sourceTree = "<group>";
		};
/* End PBXVariantGroup section */

/* Begin XCBuildConfiguration section */
		161E0AF92735A5F700A50EA8 /* Debug */ = {
			isa = XCBuildConfiguration;
			buildSettings = {
				ALWAYS_SEARCH_USER_PATHS = NO;
				CLANG_ANALYZER_NONNULL = YES;
				CLANG_ANALYZER_NUMBER_OBJECT_CONVERSION = YES_AGGRESSIVE;
				CLANG_CXX_LANGUAGE_STANDARD = "gnu++14";
				CLANG_CXX_LIBRARY = "libc++";
				CLANG_ENABLE_MODULES = YES;
				CLANG_ENABLE_OBJC_ARC = YES;
				CLANG_ENABLE_OBJC_WEAK = YES;
				CLANG_WARN_BLOCK_CAPTURE_AUTORELEASING = YES;
				CLANG_WARN_BOOL_CONVERSION = YES;
				CLANG_WARN_COMMA = YES;
				CLANG_WARN_CONSTANT_CONVERSION = YES;
				CLANG_WARN_DEPRECATED_OBJC_IMPLEMENTATIONS = YES;
				CLANG_WARN_DIRECT_OBJC_ISA_USAGE = YES_ERROR;
				CLANG_WARN_DOCUMENTATION_COMMENTS = YES;
				CLANG_WARN_EMPTY_BODY = YES;
				CLANG_WARN_ENUM_CONVERSION = YES;
				CLANG_WARN_INFINITE_RECURSION = YES;
				CLANG_WARN_INT_CONVERSION = YES;
				CLANG_WARN_NON_LITERAL_NULL_CONVERSION = YES;
				CLANG_WARN_OBJC_IMPLICIT_RETAIN_SELF = YES;
				CLANG_WARN_OBJC_LITERAL_CONVERSION = YES;
				CLANG_WARN_OBJC_ROOT_CLASS = YES_ERROR;
				CLANG_WARN_QUOTED_INCLUDE_IN_FRAMEWORK_HEADER = YES;
				CLANG_WARN_RANGE_LOOP_ANALYSIS = YES;
				CLANG_WARN_STRICT_PROTOTYPES = YES;
				CLANG_WARN_SUSPICIOUS_MOVE = YES;
				CLANG_WARN_UNGUARDED_AVAILABILITY = YES_AGGRESSIVE;
				CLANG_WARN_UNREACHABLE_CODE = YES;
				CLANG_WARN__DUPLICATE_METHOD_MATCH = YES;
				COPY_PHASE_STRIP = NO;
				DEBUG_INFORMATION_FORMAT = dwarf;
				ENABLE_STRICT_OBJC_MSGSEND = YES;
				ENABLE_TESTABILITY = YES;
				GCC_C_LANGUAGE_STANDARD = gnu11;
				GCC_DYNAMIC_NO_PIC = NO;
				GCC_NO_COMMON_BLOCKS = YES;
				GCC_OPTIMIZATION_LEVEL = 0;
				GCC_PREPROCESSOR_DEFINITIONS = (
					"DEBUG=1",
					"$(inherited)",
				);
				GCC_WARN_64_TO_32_BIT_CONVERSION = YES;
				GCC_WARN_ABOUT_RETURN_TYPE = YES_ERROR;
				GCC_WARN_UNDECLARED_SELECTOR = YES;
				GCC_WARN_UNINITIALIZED_AUTOS = YES_AGGRESSIVE;
				GCC_WARN_UNUSED_FUNCTION = YES;
				GCC_WARN_UNUSED_VARIABLE = YES;
				IPHONEOS_DEPLOYMENT_TARGET = 14.5;
				MTL_ENABLE_DEBUG_INFO = INCLUDE_SOURCE;
				MTL_FAST_MATH = YES;
				ONLY_ACTIVE_ARCH = YES;
				SDKROOT = iphoneos;
				SWIFT_ACTIVE_COMPILATION_CONDITIONS = DEBUG;
				SWIFT_OPTIMIZATION_LEVEL = "-Onone";
			};
			name = Debug;
		};
		161E0AFA2735A5F700A50EA8 /* Release */ = {
			isa = XCBuildConfiguration;
			buildSettings = {
				ALWAYS_SEARCH_USER_PATHS = NO;
				CLANG_ANALYZER_NONNULL = YES;
				CLANG_ANALYZER_NUMBER_OBJECT_CONVERSION = YES_AGGRESSIVE;
				CLANG_CXX_LANGUAGE_STANDARD = "gnu++14";
				CLANG_CXX_LIBRARY = "libc++";
				CLANG_ENABLE_MODULES = YES;
				CLANG_ENABLE_OBJC_ARC = YES;
				CLANG_ENABLE_OBJC_WEAK = YES;
				CLANG_WARN_BLOCK_CAPTURE_AUTORELEASING = YES;
				CLANG_WARN_BOOL_CONVERSION = YES;
				CLANG_WARN_COMMA = YES;
				CLANG_WARN_CONSTANT_CONVERSION = YES;
				CLANG_WARN_DEPRECATED_OBJC_IMPLEMENTATIONS = YES;
				CLANG_WARN_DIRECT_OBJC_ISA_USAGE = YES_ERROR;
				CLANG_WARN_DOCUMENTATION_COMMENTS = YES;
				CLANG_WARN_EMPTY_BODY = YES;
				CLANG_WARN_ENUM_CONVERSION = YES;
				CLANG_WARN_INFINITE_RECURSION = YES;
				CLANG_WARN_INT_CONVERSION = YES;
				CLANG_WARN_NON_LITERAL_NULL_CONVERSION = YES;
				CLANG_WARN_OBJC_IMPLICIT_RETAIN_SELF = YES;
				CLANG_WARN_OBJC_LITERAL_CONVERSION = YES;
				CLANG_WARN_OBJC_ROOT_CLASS = YES_ERROR;
				CLANG_WARN_QUOTED_INCLUDE_IN_FRAMEWORK_HEADER = YES;
				CLANG_WARN_RANGE_LOOP_ANALYSIS = YES;
				CLANG_WARN_STRICT_PROTOTYPES = YES;
				CLANG_WARN_SUSPICIOUS_MOVE = YES;
				CLANG_WARN_UNGUARDED_AVAILABILITY = YES_AGGRESSIVE;
				CLANG_WARN_UNREACHABLE_CODE = YES;
				CLANG_WARN__DUPLICATE_METHOD_MATCH = YES;
				COPY_PHASE_STRIP = NO;
				DEBUG_INFORMATION_FORMAT = "dwarf-with-dsym";
				ENABLE_NS_ASSERTIONS = NO;
				ENABLE_STRICT_OBJC_MSGSEND = YES;
				GCC_C_LANGUAGE_STANDARD = gnu11;
				GCC_NO_COMMON_BLOCKS = YES;
				GCC_WARN_64_TO_32_BIT_CONVERSION = YES;
				GCC_WARN_ABOUT_RETURN_TYPE = YES_ERROR;
				GCC_WARN_UNDECLARED_SELECTOR = YES;
				GCC_WARN_UNINITIALIZED_AUTOS = YES_AGGRESSIVE;
				GCC_WARN_UNUSED_FUNCTION = YES;
				GCC_WARN_UNUSED_VARIABLE = YES;
				IPHONEOS_DEPLOYMENT_TARGET = 14.5;
				MTL_ENABLE_DEBUG_INFO = NO;
				MTL_FAST_MATH = YES;
				SDKROOT = iphoneos;
				SWIFT_COMPILATION_MODE = wholemodule;
				SWIFT_OPTIMIZATION_LEVEL = "-O";
				VALIDATE_PRODUCT = YES;
			};
			name = Release;
		};
		161E0AFC2735A5F700A50EA8 /* Debug */ = {
			isa = XCBuildConfiguration;
			buildSettings = {
				ASSETCATALOG_COMPILER_APPICON_NAME = AppIcon;
				ASSETCATALOG_COMPILER_GLOBAL_ACCENT_COLOR_NAME = AccentColor;
				CODE_SIGN_STYLE = Automatic;
				DEVELOPMENT_TEAM = 32V77SWY44;
				INFOPLIST_FILE = "IOS3-MVVM/Info.plist";
				LD_RUNPATH_SEARCH_PATHS = (
					"$(inherited)",
					"@executable_path/Frameworks",
				);
				PRODUCT_BUNDLE_IDENTIFIER = "com.my.IOS3-MVVM";
				PRODUCT_NAME = "$(TARGET_NAME)";
				SWIFT_VERSION = 5.0;
				TARGETED_DEVICE_FAMILY = "1,2";
			};
			name = Debug;
		};
		161E0AFD2735A5F700A50EA8 /* Release */ = {
			isa = XCBuildConfiguration;
			buildSettings = {
				ASSETCATALOG_COMPILER_APPICON_NAME = AppIcon;
				ASSETCATALOG_COMPILER_GLOBAL_ACCENT_COLOR_NAME = AccentColor;
				CODE_SIGN_STYLE = Automatic;
				DEVELOPMENT_TEAM = 32V77SWY44;
				INFOPLIST_FILE = "IOS3-MVVM/Info.plist";
				LD_RUNPATH_SEARCH_PATHS = (
					"$(inherited)",
					"@executable_path/Frameworks",
				);
				PRODUCT_BUNDLE_IDENTIFIER = "com.my.IOS3-MVVM";
				PRODUCT_NAME = "$(TARGET_NAME)";
				SWIFT_VERSION = 5.0;
				TARGETED_DEVICE_FAMILY = "1,2";
			};
			name = Release;
		};
/* End XCBuildConfiguration section */

/* Begin XCConfigurationList section */
		161E0AE22735A5F300A50EA8 /* Build configuration list for PBXProject "IOS3-MVVM" */ = {
			isa = XCConfigurationList;
			buildConfigurations = (
				161E0AF92735A5F700A50EA8 /* Debug */,
				161E0AFA2735A5F700A50EA8 /* Release */,
			);
			defaultConfigurationIsVisible = 0;
			defaultConfigurationName = Release;
		};
		161E0AFB2735A5F700A50EA8 /* Build configuration list for PBXNativeTarget "IOS3-MVVM" */ = {
			isa = XCConfigurationList;
			buildConfigurations = (
				161E0AFC2735A5F700A50EA8 /* Debug */,
				161E0AFD2735A5F700A50EA8 /* Release */,
			);
			defaultConfigurationIsVisible = 0;
			defaultConfigurationName = Release;
		};
/* End XCConfigurationList section */
	};
	rootObject = 161E0ADF2735A5F300A50EA8 /* Project object */;
}
